// !$*UTF8*$!
{
	archiveVersion = 1;
	classes = {
	};
	objectVersion = 46;
	objects = {

/* Begin PBXBuildFile section */
		2433E3F5E19D0B257E5ABCDA /* Pods_StyleBook.framework in Frameworks */ = {isa = PBXBuildFile; fileRef = BBCDC5638EA5D12FA4F730CE /* Pods_StyleBook.framework */; };
		4C23B4D71DFF823E0086B19E /* LoginController.swift in Sources */ = {isa = PBXBuildFile; fileRef = 4C23B4D61DFF823E0086B19E /* LoginController.swift */; };
		4C23B4DD1DFFA0560086B19E /* UIBezierPathExtension.swift in Sources */ = {isa = PBXBuildFile; fileRef = 4C23B4DC1DFFA0560086B19E /* UIBezierPathExtension.swift */; };
		4C23B4E11DFFA0B90086B19E /* UIViewExtension.swift in Sources */ = {isa = PBXBuildFile; fileRef = 4C23B4E01DFFA0B90086B19E /* UIViewExtension.swift */; };
		4C23B4E31DFFA0DD0086B19E /* UIImageExtension.swift in Sources */ = {isa = PBXBuildFile; fileRef = 4C23B4E21DFFA0DD0086B19E /* UIImageExtension.swift */; };
		4C23B4E81DFFA1930086B19E /* CropController.swift in Sources */ = {isa = PBXBuildFile; fileRef = 4C23B4E71DFFA1930086B19E /* CropController.swift */; };
		4C23B4EA1DFFB6720086B19E /* CropModel.swift in Sources */ = {isa = PBXBuildFile; fileRef = 4C23B4E91DFFB6720086B19E /* CropModel.swift */; };
		4C23B4EE1DFFBCC20086B19E /* CropDelegate.swift in Sources */ = {isa = PBXBuildFile; fileRef = 4C23B4ED1DFFBCC20086B19E /* CropDelegate.swift */; };
		4C394C261DFE44740054B473 /* AppDelegate.swift in Sources */ = {isa = PBXBuildFile; fileRef = 4C394C251DFE44740054B473 /* AppDelegate.swift */; };
		4C394C281DFE44740054B473 /* MainController.swift in Sources */ = {isa = PBXBuildFile; fileRef = 4C394C271DFE44740054B473 /* MainController.swift */; };
		4C394C2B1DFE44740054B473 /* Main.storyboard in Resources */ = {isa = PBXBuildFile; fileRef = 4C394C291DFE44740054B473 /* Main.storyboard */; };
		4C394C2E1DFE44740054B473 /* StyleBook.xcdatamodeld in Sources */ = {isa = PBXBuildFile; fileRef = 4C394C2C1DFE44740054B473 /* StyleBook.xcdatamodeld */; };
		4C394C301DFE44740054B473 /* Assets.xcassets in Resources */ = {isa = PBXBuildFile; fileRef = 4C394C2F1DFE44740054B473 /* Assets.xcassets */; };
		4C394C331DFE44740054B473 /* LaunchScreen.storyboard in Resources */ = {isa = PBXBuildFile; fileRef = 4C394C311DFE44740054B473 /* LaunchScreen.storyboard */; };
		4C394C3C1DFE471E0054B473 /* KakaoOpenSDK.framework in Frameworks */ = {isa = PBXBuildFile; fileRef = 4C394C3B1DFE471E0054B473 /* KakaoOpenSDK.framework */; };
		4CB9F2791E01470F00BC5CB3 /* BezierView.swift in Sources */ = {isa = PBXBuildFile; fileRef = 4CB9F2771E01470F00BC5CB3 /* BezierView.swift */; };
/* End PBXBuildFile section */

/* Begin PBXFileReference section */
		4C23B4D61DFF823E0086B19E /* LoginController.swift */ = {isa = PBXFileReference; fileEncoding = 4; lastKnownFileType = sourcecode.swift; path = LoginController.swift; sourceTree = "<group>"; };
		4C23B4DC1DFFA0560086B19E /* UIBezierPathExtension.swift */ = {isa = PBXFileReference; fileEncoding = 4; lastKnownFileType = sourcecode.swift; path = UIBezierPathExtension.swift; sourceTree = "<group>"; };
		4C23B4E01DFFA0B90086B19E /* UIViewExtension.swift */ = {isa = PBXFileReference; fileEncoding = 4; lastKnownFileType = sourcecode.swift; path = UIViewExtension.swift; sourceTree = "<group>"; };
		4C23B4E21DFFA0DD0086B19E /* UIImageExtension.swift */ = {isa = PBXFileReference; fileEncoding = 4; lastKnownFileType = sourcecode.swift; path = UIImageExtension.swift; sourceTree = "<group>"; };
		4C23B4E71DFFA1930086B19E /* CropController.swift */ = {isa = PBXFileReference; fileEncoding = 4; lastKnownFileType = sourcecode.swift; path = CropController.swift; sourceTree = "<group>"; };
		4C23B4E91DFFB6720086B19E /* CropModel.swift */ = {isa = PBXFileReference; fileEncoding = 4; lastKnownFileType = sourcecode.swift; path = CropModel.swift; sourceTree = "<group>"; };
		4C23B4ED1DFFBCC20086B19E /* CropDelegate.swift */ = {isa = PBXFileReference; fileEncoding = 4; lastKnownFileType = sourcecode.swift; path = CropDelegate.swift; sourceTree = "<group>"; };
		4C394C221DFE44740054B473 /* StyleBook.app */ = {isa = PBXFileReference; explicitFileType = wrapper.application; includeInIndex = 0; path = StyleBook.app; sourceTree = BUILT_PRODUCTS_DIR; };
		4C394C251DFE44740054B473 /* AppDelegate.swift */ = {isa = PBXFileReference; lastKnownFileType = sourcecode.swift; path = AppDelegate.swift; sourceTree = "<group>"; };
		4C394C271DFE44740054B473 /* MainController.swift */ = {isa = PBXFileReference; lastKnownFileType = sourcecode.swift; path = MainController.swift; sourceTree = "<group>"; };
		4C394C2A1DFE44740054B473 /* Base */ = {isa = PBXFileReference; lastKnownFileType = file.storyboard; name = Base; path = Base.lproj/Main.storyboard; sourceTree = "<group>"; };
		4C394C2D1DFE44740054B473 /* StyleBook.xcdatamodel */ = {isa = PBXFileReference; lastKnownFileType = wrapper.xcdatamodel; path = StyleBook.xcdatamodel; sourceTree = "<group>"; };
		4C394C2F1DFE44740054B473 /* Assets.xcassets */ = {isa = PBXFileReference; lastKnownFileType = folder.assetcatalog; path = Assets.xcassets; sourceTree = "<group>"; };
		4C394C321DFE44740054B473 /* Base */ = {isa = PBXFileReference; lastKnownFileType = file.storyboard; name = Base; path = Base.lproj/LaunchScreen.storyboard; sourceTree = "<group>"; };
		4C394C341DFE44740054B473 /* Info.plist */ = {isa = PBXFileReference; lastKnownFileType = text.plist.xml; path = Info.plist; sourceTree = "<group>"; };
		4C394C3B1DFE471E0054B473 /* KakaoOpenSDK.framework */ = {isa = PBXFileReference; lastKnownFileType = wrapper.framework; path = KakaoOpenSDK.framework; sourceTree = "<group>"; };
		4C394C421DFE4EED0054B473 /* StyleBook-Bridging-Header.h */ = {isa = PBXFileReference; fileEncoding = 4; lastKnownFileType = sourcecode.c.h; path = "StyleBook-Bridging-Header.h"; sourceTree = "<group>"; };
		4CB9F2771E01470F00BC5CB3 /* BezierView.swift */ = {isa = PBXFileReference; fileEncoding = 4; lastKnownFileType = sourcecode.swift; path = BezierView.swift; sourceTree = "<group>"; };
		7B85DD19694A33AAAF0C16EC /* Pods-StyleBook.debug.xcconfig */ = {isa = PBXFileReference; includeInIndex = 1; lastKnownFileType = text.xcconfig; name = "Pods-StyleBook.debug.xcconfig"; path = "Pods/Target Support Files/Pods-StyleBook/Pods-StyleBook.debug.xcconfig"; sourceTree = "<group>"; };
		8975A99178BD46AAF4C350AC /* Pods-StyleBook.release.xcconfig */ = {isa = PBXFileReference; includeInIndex = 1; lastKnownFileType = text.xcconfig; name = "Pods-StyleBook.release.xcconfig"; path = "Pods/Target Support Files/Pods-StyleBook/Pods-StyleBook.release.xcconfig"; sourceTree = "<group>"; };
		BBCDC5638EA5D12FA4F730CE /* Pods_StyleBook.framework */ = {isa = PBXFileReference; explicitFileType = wrapper.framework; includeInIndex = 0; path = Pods_StyleBook.framework; sourceTree = BUILT_PRODUCTS_DIR; };
/* End PBXFileReference section */

/* Begin PBXFrameworksBuildPhase section */
		4C394C1F1DFE44740054B473 /* Frameworks */ = {
			isa = PBXFrameworksBuildPhase;
			buildActionMask = 2147483647;
			files = (
				4C394C3C1DFE471E0054B473 /* KakaoOpenSDK.framework in Frameworks */,
				2433E3F5E19D0B257E5ABCDA /* Pods_StyleBook.framework in Frameworks */,
			);
			runOnlyForDeploymentPostprocessing = 0;
		};
/* End PBXFrameworksBuildPhase section */

/* Begin PBXGroup section */
		121F429C544FA1D85AFE3782 /* Pods */ = {
			isa = PBXGroup;
			children = (
				7B85DD19694A33AAAF0C16EC /* Pods-StyleBook.debug.xcconfig */,
				8975A99178BD46AAF4C350AC /* Pods-StyleBook.release.xcconfig */,
			);
			name = Pods;
			sourceTree = "<group>";
		};
		4C23B4E41DFFA0F80086B19E /* Extension */ = {
			isa = PBXGroup;
			children = (
				4C23B4DC1DFFA0560086B19E /* UIBezierPathExtension.swift */,
				4C23B4E01DFFA0B90086B19E /* UIViewExtension.swift */,
				4C23B4E21DFFA0DD0086B19E /* UIImageExtension.swift */,
			);
			name = Extension;
			sourceTree = "<group>";
		};
		4C23B4E51DFFA15E0086B19E /* Storyboard */ = {
			isa = PBXGroup;
			children = (
				4C394C291DFE44740054B473 /* Main.storyboard */,
			);
			name = Storyboard;
			sourceTree = "<group>";
		};
		4C23B4E61DFFA16D0086B19E /* Controller */ = {
			isa = PBXGroup;
			children = (
				4C23B4D61DFF823E0086B19E /* LoginController.swift */,
				4C394C271DFE44740054B473 /* MainController.swift */,
				4C23B4E71DFFA1930086B19E /* CropController.swift */,
				4C23B4ED1DFFBCC20086B19E /* CropDelegate.swift */,
			);
			name = Controller;
			sourceTree = "<group>";
		};
		4C394C191DFE44740054B473 = {
			isa = PBXGroup;
			children = (
				4C394C231DFE44740054B473 /* Products */,
				4C394C241DFE44740054B473 /* StyleBook */,
				4C394C3D1DFE474B0054B473 /* Frameworks */,
				121F429C544FA1D85AFE3782 /* Pods */,
			);
			sourceTree = "<group>";
		};
		4C394C231DFE44740054B473 /* Products */ = {
			isa = PBXGroup;
			children = (
				4C394C221DFE44740054B473 /* StyleBook.app */,
			);
			name = Products;
			sourceTree = "<group>";
		};
		4C394C241DFE44740054B473 /* StyleBook */ = {
			isa = PBXGroup;
			children = (
				4C394C3A1DFE45500054B473 /* Supporting Files */,
				4C23B4E41DFFA0F80086B19E /* Extension */,
				4C23B4E51DFFA15E0086B19E /* Storyboard */,
				4C23B4E61DFFA16D0086B19E /* Controller */,
				4C23B4E91DFFB6720086B19E /* CropModel.swift */,
				4CB9F2771E01470F00BC5CB3 /* BezierView.swift */,
			);
			path = StyleBook;
			sourceTree = "<group>";
		};
		4C394C3A1DFE45500054B473 /* Supporting Files */ = {
			isa = PBXGroup;
			children = (
				4C394C251DFE44740054B473 /* AppDelegate.swift */,
				4C394C2F1DFE44740054B473 /* Assets.xcassets */,
				4C394C311DFE44740054B473 /* LaunchScreen.storyboard */,
				4C394C341DFE44740054B473 /* Info.plist */,
				4C394C2C1DFE44740054B473 /* StyleBook.xcdatamodeld */,
				4C394C421DFE4EED0054B473 /* StyleBook-Bridging-Header.h */,
			);
			name = "Supporting Files";
			sourceTree = "<group>";
		};
		4C394C3D1DFE474B0054B473 /* Frameworks */ = {
			isa = PBXGroup;
			children = (
				4C394C3B1DFE471E0054B473 /* KakaoOpenSDK.framework */,
				BBCDC5638EA5D12FA4F730CE /* Pods_StyleBook.framework */,
			);
			name = Frameworks;
			sourceTree = "<group>";
		};
/* End PBXGroup section */

/* Begin PBXNativeTarget section */
		4C394C211DFE44740054B473 /* StyleBook */ = {
			isa = PBXNativeTarget;
			buildConfigurationList = 4C394C371DFE44740054B473 /* Build configuration list for PBXNativeTarget "StyleBook" */;
			buildPhases = (
				72F23C4DEF154FF6023DF268 /* [CP] Check Pods Manifest.lock */,
				4C394C1E1DFE44740054B473 /* Sources */,
				4C394C1F1DFE44740054B473 /* Frameworks */,
				4C394C201DFE44740054B473 /* Resources */,
				E049D3EBDB25182213B04575 /* [CP] Embed Pods Frameworks */,
				A4423722957823CD55FCDD1E /* [CP] Copy Pods Resources */,
			);
			buildRules = (
			);
			dependencies = (
			);
			name = StyleBook;
			productName = StyleBook;
			productReference = 4C394C221DFE44740054B473 /* StyleBook.app */;
			productType = "com.apple.product-type.application";
		};
/* End PBXNativeTarget section */

/* Begin PBXProject section */
		4C394C1A1DFE44740054B473 /* Project object */ = {
			isa = PBXProject;
			attributes = {
				LastSwiftUpdateCheck = 0810;
				LastUpgradeCheck = 0810;
				ORGANIZATIONNAME = jgson;
				TargetAttributes = {
					4C394C211DFE44740054B473 = {
						CreatedOnToolsVersion = 8.1;
						DevelopmentTeam = R29C6QF296;
						ProvisioningStyle = Manual;
					};
				};
			};
			buildConfigurationList = 4C394C1D1DFE44740054B473 /* Build configuration list for PBXProject "StyleBook" */;
			compatibilityVersion = "Xcode 3.2";
			developmentRegion = English;
			hasScannedForEncodings = 0;
			knownRegions = (
				en,
				Base,
			);
			mainGroup = 4C394C191DFE44740054B473;
			productRefGroup = 4C394C231DFE44740054B473 /* Products */;
			projectDirPath = "";
			projectRoot = "";
			targets = (
				4C394C211DFE44740054B473 /* StyleBook */,
			);
		};
/* End PBXProject section */

/* Begin PBXResourcesBuildPhase section */
		4C394C201DFE44740054B473 /* Resources */ = {
			isa = PBXResourcesBuildPhase;
			buildActionMask = 2147483647;
			files = (
				4C394C331DFE44740054B473 /* LaunchScreen.storyboard in Resources */,
				4C394C301DFE44740054B473 /* Assets.xcassets in Resources */,
				4C394C2B1DFE44740054B473 /* Main.storyboard in Resources */,
			);
			runOnlyForDeploymentPostprocessing = 0;
		};
/* End PBXResourcesBuildPhase section */

/* Begin PBXShellScriptBuildPhase section */
		72F23C4DEF154FF6023DF268 /* [CP] Check Pods Manifest.lock */ = {
			isa = PBXShellScriptBuildPhase;
			buildActionMask = 2147483647;
			files = (
			);
			inputPaths = (
			);
			name = "[CP] Check Pods Manifest.lock";
			outputPaths = (
			);
			runOnlyForDeploymentPostprocessing = 0;
			shellPath = /bin/sh;
			shellScript = "diff \"${PODS_ROOT}/../Podfile.lock\" \"${PODS_ROOT}/Manifest.lock\" > /dev/null\nif [ $? != 0 ] ; then\n    # print error to STDERR\n    echo \"error: The sandbox is not in sync with the Podfile.lock. Run 'pod install' or update your CocoaPods installation.\" >&2\n    exit 1\nfi\n";
			showEnvVarsInLog = 0;
		};
		A4423722957823CD55FCDD1E /* [CP] Copy Pods Resources */ = {
			isa = PBXShellScriptBuildPhase;
			buildActionMask = 2147483647;
			files = (
			);
			inputPaths = (
			);
			name = "[CP] Copy Pods Resources";
			outputPaths = (
			);
			runOnlyForDeploymentPostprocessing = 0;
			shellPath = /bin/sh;
			shellScript = "\"${SRCROOT}/Pods/Target Support Files/Pods-StyleBook/Pods-StyleBook-resources.sh\"\n";
			showEnvVarsInLog = 0;
		};
		E049D3EBDB25182213B04575 /* [CP] Embed Pods Frameworks */ = {
			isa = PBXShellScriptBuildPhase;
			buildActionMask = 2147483647;
			files = (
			);
			inputPaths = (
			);
			name = "[CP] Embed Pods Frameworks";
			outputPaths = (
			);
			runOnlyForDeploymentPostprocessing = 0;
			shellPath = /bin/sh;
			shellScript = "\"${SRCROOT}/Pods/Target Support Files/Pods-StyleBook/Pods-StyleBook-frameworks.sh\"\n";
			showEnvVarsInLog = 0;
		};
/* End PBXShellScriptBuildPhase section */

/* Begin PBXSourcesBuildPhase section */
		4C394C1E1DFE44740054B473 /* Sources */ = {
			isa = PBXSourcesBuildPhase;
			buildActionMask = 2147483647;
			files = (
				4C394C2E1DFE44740054B473 /* StyleBook.xcdatamodeld in Sources */,
				4C23B4E31DFFA0DD0086B19E /* UIImageExtension.swift in Sources */,
				4C23B4D71DFF823E0086B19E /* LoginController.swift in Sources */,
				4CB9F2791E01470F00BC5CB3 /* BezierView.swift in Sources */,
				4C394C281DFE44740054B473 /* MainController.swift in Sources */,
				4C23B4E11DFFA0B90086B19E /* UIViewExtension.swift in Sources */,
				4C23B4DD1DFFA0560086B19E /* UIBezierPathExtension.swift in Sources */,
				4C23B4E81DFFA1930086B19E /* CropController.swift in Sources */,
				4C394C261DFE44740054B473 /* AppDelegate.swift in Sources */,
				4C23B4EA1DFFB6720086B19E /* CropModel.swift in Sources */,
				4C23B4EE1DFFBCC20086B19E /* CropDelegate.swift in Sources */,
			);
			runOnlyForDeploymentPostprocessing = 0;
		};
/* End PBXSourcesBuildPhase section */

/* Begin PBXVariantGroup section */
		4C394C291DFE44740054B473 /* Main.storyboard */ = {
			isa = PBXVariantGroup;
			children = (
				4C394C2A1DFE44740054B473 /* Base */,
			);
			name = Main.storyboard;
			sourceTree = "<group>";
		};
		4C394C311DFE44740054B473 /* LaunchScreen.storyboard */ = {
			isa = PBXVariantGroup;
			children = (
				4C394C321DFE44740054B473 /* Base */,
			);
			name = LaunchScreen.storyboard;
			sourceTree = "<group>";
		};
/* End PBXVariantGroup section */

/* Begin XCBuildConfiguration section */
		4C394C351DFE44740054B473 /* Debug */ = {
			isa = XCBuildConfiguration;
			buildSettings = {
				ALWAYS_SEARCH_USER_PATHS = NO;
				CLANG_ANALYZER_NONNULL = YES;
				CLANG_CXX_LANGUAGE_STANDARD = "gnu++0x";
				CLANG_CXX_LIBRARY = "libc++";
				CLANG_ENABLE_MODULES = YES;
				CLANG_ENABLE_OBJC_ARC = YES;
				CLANG_WARN_BOOL_CONVERSION = YES;
				CLANG_WARN_CONSTANT_CONVERSION = YES;
				CLANG_WARN_DIRECT_OBJC_ISA_USAGE = YES_ERROR;
				CLANG_WARN_DOCUMENTATION_COMMENTS = YES;
				CLANG_WARN_EMPTY_BODY = YES;
				CLANG_WARN_ENUM_CONVERSION = YES;
				CLANG_WARN_INFINITE_RECURSION = YES;
				CLANG_WARN_INT_CONVERSION = YES;
				CLANG_WARN_OBJC_ROOT_CLASS = YES_ERROR;
				CLANG_WARN_SUSPICIOUS_MOVES = YES;
				CLANG_WARN_UNREACHABLE_CODE = YES;
				CLANG_WARN__DUPLICATE_METHOD_MATCH = YES;
				"CODE_SIGN_IDENTITY[sdk=iphoneos*]" = "iPhone Developer";
				COPY_PHASE_STRIP = NO;
				DEBUG_INFORMATION_FORMAT = dwarf;
				ENABLE_STRICT_OBJC_MSGSEND = YES;
				ENABLE_TESTABILITY = YES;
				GCC_C_LANGUAGE_STANDARD = gnu99;
				GCC_DYNAMIC_NO_PIC = NO;
				GCC_NO_COMMON_BLOCKS = YES;
				GCC_OPTIMIZATION_LEVEL = 0;
				GCC_PREPROCESSOR_DEFINITIONS = (
					"DEBUG=1",
					"$(inherited)",
				);
				GCC_WARN_64_TO_32_BIT_CONVERSION = YES;
				GCC_WARN_ABOUT_RETURN_TYPE = YES_ERROR;
				GCC_WARN_UNDECLARED_SELECTOR = YES;
				GCC_WARN_UNINITIALIZED_AUTOS = YES_AGGRESSIVE;
				GCC_WARN_UNUSED_FUNCTION = YES;
				GCC_WARN_UNUSED_VARIABLE = YES;
				IPHONEOS_DEPLOYMENT_TARGET = 10.1;
				MTL_ENABLE_DEBUG_INFO = YES;
				ONLY_ACTIVE_ARCH = YES;
				SDKROOT = iphoneos;
				SWIFT_ACTIVE_COMPILATION_CONDITIONS = DEBUG;
				SWIFT_OBJC_BRIDGING_HEADER = "$(SRCROOT)/$(PROJECT_NAME)/$(PROJECT_NAME)-Bridging-Header.h ";
				SWIFT_OPTIMIZATION_LEVEL = "-Onone";
				TARGETED_DEVICE_FAMILY = "1,2";
			};
			name = Debug;
		};
		4C394C361DFE44740054B473 /* Release */ = {
			isa = XCBuildConfiguration;
			buildSettings = {
				ALWAYS_SEARCH_USER_PATHS = NO;
				CLANG_ANALYZER_NONNULL = YES;
				CLANG_CXX_LANGUAGE_STANDARD = "gnu++0x";
				CLANG_CXX_LIBRARY = "libc++";
				CLANG_ENABLE_MODULES = YES;
				CLANG_ENABLE_OBJC_ARC = YES;
				CLANG_WARN_BOOL_CONVERSION = YES;
				CLANG_WARN_CONSTANT_CONVERSION = YES;
				CLANG_WARN_DIRECT_OBJC_ISA_USAGE = YES_ERROR;
				CLANG_WARN_DOCUMENTATION_COMMENTS = YES;
				CLANG_WARN_EMPTY_BODY = YES;
				CLANG_WARN_ENUM_CONVERSION = YES;
				CLANG_WARN_INFINITE_RECURSION = YES;
				CLANG_WARN_INT_CONVERSION = YES;
				CLANG_WARN_OBJC_ROOT_CLASS = YES_ERROR;
				CLANG_WARN_SUSPICIOUS_MOVES = YES;
				CLANG_WARN_UNREACHABLE_CODE = YES;
				CLANG_WARN__DUPLICATE_METHOD_MATCH = YES;
				"CODE_SIGN_IDENTITY[sdk=iphoneos*]" = "iPhone Developer";
				COPY_PHASE_STRIP = NO;
				DEBUG_INFORMATION_FORMAT = "dwarf-with-dsym";
				ENABLE_NS_ASSERTIONS = NO;
				ENABLE_STRICT_OBJC_MSGSEND = YES;
				GCC_C_LANGUAGE_STANDARD = gnu99;
				GCC_NO_COMMON_BLOCKS = YES;
				GCC_WARN_64_TO_32_BIT_CONVERSION = YES;
				GCC_WARN_ABOUT_RETURN_TYPE = YES_ERROR;
				GCC_WARN_UNDECLARED_SELECTOR = YES;
				GCC_WARN_UNINITIALIZED_AUTOS = YES_AGGRESSIVE;
				GCC_WARN_UNUSED_FUNCTION = YES;
				GCC_WARN_UNUSED_VARIABLE = YES;
				IPHONEOS_DEPLOYMENT_TARGET = 10.1;
				MTL_ENABLE_DEBUG_INFO = NO;
				SDKROOT = iphoneos;
				SWIFT_OBJC_BRIDGING_HEADER = "$(SRCROOT)/$(PROJECT_NAME)/$(PROJECT_NAME)-Bridging-Header.h ";
				SWIFT_OPTIMIZATION_LEVEL = "-Owholemodule";
				TARGETED_DEVICE_FAMILY = "1,2";
				VALIDATE_PRODUCT = YES;
			};
			name = Release;
		};
		4C394C381DFE44740054B473 /* Debug */ = {
			isa = XCBuildConfiguration;
			baseConfigurationReference = 7B85DD19694A33AAAF0C16EC /* Pods-StyleBook.debug.xcconfig */;
			buildSettings = {
				ASSETCATALOG_COMPILER_APPICON_NAME = AppIcon;
				DEVELOPMENT_TEAM = R29C6QF296;
				FRAMEWORK_SEARCH_PATHS = (
					"$(inherited)",
					"$(PROJECT_DIR)",
				);
				INFOPLIST_FILE = StyleBook/Info.plist;
				IPHONEOS_DEPLOYMENT_TARGET = 10.0;
				LD_RUNPATH_SEARCH_PATHS = "$(inherited) @executable_path/Frameworks";
				OTHER_LDFLAGS = "-all_load";
				PRODUCT_BUNDLE_IDENTIFIER = kr.dev.jgson.StyleBook;
				PRODUCT_NAME = "$(TARGET_NAME)";
				PROVISIONING_PROFILE = "6f107716-51ce-49d5-8f2f-9e80d2ec9033";
				PROVISIONING_PROFILE_SPECIFIER = test2;
				SWIFT_OBJC_BRIDGING_HEADER = "$(SRCROOT)/$(PROJECT_NAME)/$(PROJECT_NAME)-Bridging-Header.h";
				SWIFT_VERSION = 3.0;
			};
			name = Debug;
		};
		4C394C391DFE44740054B473 /* Release */ = {
			isa = XCBuildConfiguration;
			baseConfigurationReference = 8975A99178BD46AAF4C350AC /* Pods-StyleBook.release.xcconfig */;
			buildSettings = {
				ASSETCATALOG_COMPILER_APPICON_NAME = AppIcon;
				DEVELOPMENT_TEAM = "";
				FRAMEWORK_SEARCH_PATHS = (
					"$(inherited)",
					"$(PROJECT_DIR)",
				);
				INFOPLIST_FILE = StyleBook/Info.plist;
				IPHONEOS_DEPLOYMENT_TARGET = 10.0;
				LD_RUNPATH_SEARCH_PATHS = "$(inherited) @executable_path/Frameworks";
				OTHER_LDFLAGS = "-all_load";
				PRODUCT_BUNDLE_IDENTIFIER = kr.dev.jgson.StyleBook;
				PRODUCT_NAME = "$(TARGET_NAME)";
				SWIFT_OBJC_BRIDGING_HEADER = "$(SRCROOT)/$(PROJECT_NAME)/$(PROJECT_NAME)-Bridging-Header.h";
				SWIFT_VERSION = 3.0;
			};
			name = Release;
		};
/* End XCBuildConfiguration section */

/* Begin XCConfigurationList section */
		4C394C1D1DFE44740054B473 /* Build configuration list for PBXProject "StyleBook" */ = {
			isa = XCConfigurationList;
			buildConfigurations = (
				4C394C351DFE44740054B473 /* Debug */,
				4C394C361DFE44740054B473 /* Release */,
			);
			defaultConfigurationIsVisible = 0;
			defaultConfigurationName = Release;
		};
		4C394C371DFE44740054B473 /* Build configuration list for PBXNativeTarget "StyleBook" */ = {
			isa = XCConfigurationList;
			buildConfigurations = (
				4C394C381DFE44740054B473 /* Debug */,
				4C394C391DFE44740054B473 /* Release */,
			);
			defaultConfigurationIsVisible = 0;
			defaultConfigurationName = Release;
		};
/* End XCConfigurationList section */

/* Begin XCVersionGroup section */
		4C394C2C1DFE44740054B473 /* StyleBook.xcdatamodeld */ = {
			isa = XCVersionGroup;
			children = (
				4C394C2D1DFE44740054B473 /* StyleBook.xcdatamodel */,
			);
			currentVersion = 4C394C2D1DFE44740054B473 /* StyleBook.xcdatamodel */;
			path = StyleBook.xcdatamodeld;
			sourceTree = "<group>";
			versionGroupType = wrapper.xcdatamodel;
		};
/* End XCVersionGroup section */
	};
	rootObject = 4C394C1A1DFE44740054B473 /* Project object */;
}
